
Microsoft Visual Studio Solution File, Format Version 11.00
# Visual Studio 2010
Project("{FAE04EC0-301F-11D3-BF4B-00C04F79EFBC}") = "TopDownRPG", "Assembly-CSharp-firstpass.csproj", "{0CF8C37C-9300-1BEE-B83B-7B90DAA4F9D0}"
EndProject
Project("{FAE04EC0-301F-11D3-BF4B-00C04F79EFBC}") = "TopDownRPG", "Assembly-CSharp.csproj", "{73E5204A-9E1B-9227-6DB4-85F06CC0C65D}"
EndProject
Project("{FAE04EC0-301F-11D3-BF4B-00C04F79EFBC}") = "TopDownRPG", "Assembly-CSharp-Editor-firstpass.csproj", "{08F33382-F227-699A-BCA4-16BA8353E5DB}"
EndProject
Project("{FAE04EC0-301F-11D3-BF4B-00C04F79EFBC}") = "TopDownRPG", "Assembly-CSharp-Editor.csproj", "{F4003B78-AFAB-25E1-056D-3849D44AF3D5}"
EndProject
Global
	GlobalSection(SolutionConfigurationPlatforms) = preSolution
		Debug|Any CPU = Debug|Any CPU
		Release|Any CPU = Release|Any CPU
	EndGlobalSection
	GlobalSection(ProjectConfigurationPlatforms) = postSolution
		{0CF8C37C-9300-1BEE-B83B-7B90DAA4F9D0}.Debug|Any CPU.ActiveCfg = Debug|Any CPU
		{0CF8C37C-9300-1BEE-B83B-7B90DAA4F9D0}.Debug|Any CPU.Build.0 = Debug|Any CPU
		{0CF8C37C-9300-1BEE-B83B-7B90DAA4F9D0}.Release|Any CPU.ActiveCfg = Release|Any CPU
		{0CF8C37C-9300-1BEE-B83B-7B90DAA4F9D0}.Release|Any CPU.Build.0 = Release|Any CPU
		{73E5204A-9E1B-9227-6DB4-85F06CC0C65D}.Debug|Any CPU.ActiveCfg = Debug|Any CPU
		{73E5204A-9E1B-9227-6DB4-85F06CC0C65D}.Debug|Any CPU.Build.0 = Debug|Any CPU
		{73E5204A-9E1B-9227-6DB4-85F06CC0C65D}.Release|Any CPU.ActiveCfg = Release|Any CPU
		{73E5204A-9E1B-9227-6DB4-85F06CC0C65D}.Release|Any CPU.Build.0 = Release|Any CPU
		{08F33382-F227-699A-BCA4-16BA8353E5DB}.Debug|Any CPU.ActiveCfg = Debug|Any CPU
		{08F33382-F227-699A-BCA4-16BA8353E5DB}.Debug|Any CPU.Build.0 = Debug|Any CPU
		{08F33382-F227-699A-BCA4-16BA8353E5DB}.Release|Any CPU.ActiveCfg = Release|Any CPU
		{08F33382-F227-699A-BCA4-16BA8353E5DB}.Release|Any CPU.Build.0 = Release|Any CPU
		{F4003B78-AFAB-25E1-056D-3849D44AF3D5}.Debug|Any CPU.ActiveCfg = Debug|Any CPU
		{F4003B78-AFAB-25E1-056D-3849D44AF3D5}.Debug|Any CPU.Build.0 = Debug|Any CPU
		{F4003B78-AFAB-25E1-056D-3849D44AF3D5}.Release|Any CPU.ActiveCfg = Release|Any CPU
		{F4003B78-AFAB-25E1-056D-3849D44AF3D5}.Release|Any CPU.Build.0 = Release|Any CPU
	EndGlobalSection
	GlobalSection(SolutionProperties) = preSolution
		HideSolutionNode = FALSE
	EndGlobalSection
	GlobalSection(MonoDevelopProperties) = preSolution
		StartupItem = Assembly-CSharp.csproj
	EndGlobalSection
EndGlobal
